// !$*UTF8*$!
{
	archiveVersion = 1;
	classes = {
	};
	objectVersion = 50;
	objects = {

/* Begin PBXBuildFile section */
		04EEC21F22A10EFB00A3FA9B /* Main.storyboard in Resources */ = {isa = PBXBuildFile; fileRef = 04EEC21D22A10EFB00A3FA9B /* Main.storyboard */; };
		572368DC22A48F05008E0870 /* tabBarController.swift in Sources */ = {isa = PBXBuildFile; fileRef = 572368DB22A48F05008E0870 /* tabBarController.swift */; };
		964A4EE322A2040A003D3E92 /* CourseViewController.swift in Sources */ = {isa = PBXBuildFile; fileRef = 964A4EE222A2040A003D3E92 /* CourseViewController.swift */; };
		964A4EE722A20768003D3E92 /* CourseCell.swift in Sources */ = {isa = PBXBuildFile; fileRef = 964A4EE622A20768003D3E92 /* CourseCell.swift */; };
		964A4EE922A20A51003D3E92 /* AddCourseViewController.swift in Sources */ = {isa = PBXBuildFile; fileRef = 964A4EE822A20A51003D3E92 /* AddCourseViewController.swift */; };
		964A4EEB22A20B09003D3E92 /* addCourseCell.swift in Sources */ = {isa = PBXBuildFile; fileRef = 964A4EEA22A20B09003D3E92 /* addCourseCell.swift */; };
		964AC48B229772610059D5B5 /* AppDelegate.swift in Sources */ = {isa = PBXBuildFile; fileRef = 964AC48A229772610059D5B5 /* AppDelegate.swift */; };
		964AC48D229772610059D5B5 /* ViewController.swift in Sources */ = {isa = PBXBuildFile; fileRef = 964AC48C229772610059D5B5 /* ViewController.swift */; };
		964AC492229772650059D5B5 /* Assets.xcassets in Resources */ = {isa = PBXBuildFile; fileRef = 964AC491229772650059D5B5 /* Assets.xcassets */; };
		964AC495229772650059D5B5 /* LaunchScreen.storyboard in Resources */ = {isa = PBXBuildFile; fileRef = 964AC493229772650059D5B5 /* LaunchScreen.storyboard */; };
		D68B4020BD44893C3BF1FAFA /* Pods_example_project.framework in Frameworks */ = {isa = PBXBuildFile; fileRef = 32B569CB1B7C285F5F8B8729 /* Pods_example_project.framework */; };
		E4B589E222AAFC57004EDB33 /* CommentsViewController.swift in Sources */ = {isa = PBXBuildFile; fileRef = E4B589E122AAFC57004EDB33 /* CommentsViewController.swift */; };
		E4B589E422AB0002004EDB33 /* CommentCell.swift in Sources */ = {isa = PBXBuildFile; fileRef = E4B589E322AB0002004EDB33 /* CommentCell.swift */; };
		E4B589E622AB0A5F004EDB33 /* AddCommentViewController.swift in Sources */ = {isa = PBXBuildFile; fileRef = E4B589E522AB0A5F004EDB33 /* AddCommentViewController.swift */; };
		E4F678ED22AA37C600E27A7A /* DetailsViewController.swift in Sources */ = {isa = PBXBuildFile; fileRef = E4F678EC22AA37C600E27A7A /* DetailsViewController.swift */; };
		E4F678F122AA553100E27A7A /* detailsViewTimeLocCell.swift in Sources */ = {isa = PBXBuildFile; fileRef = E4F678F022AA553100E27A7A /* detailsViewTimeLocCell.swift */; };
		E4F678F322AA554C00E27A7A /* detailsViewActivityCell.swift in Sources */ = {isa = PBXBuildFile; fileRef = E4F678F222AA554C00E27A7A /* detailsViewActivityCell.swift */; };
		E4F678F522AA556900E27A7A /* detailsViewCommentsCell.swift in Sources */ = {isa = PBXBuildFile; fileRef = E4F678F422AA556900E27A7A /* detailsViewCommentsCell.swift */; };
/* End PBXBuildFile section */

/* Begin PBXFileReference section */
		04EEC21E22A10EFB00A3FA9B /* Base */ = {isa = PBXFileReference; lastKnownFileType = file.storyboard; name = Base; path = Base.lproj/Main.storyboard; sourceTree = "<group>"; };
		0C8C107FEA7FDD74497F4436 /* Pods-example_project.release.xcconfig */ = {isa = PBXFileReference; includeInIndex = 1; lastKnownFileType = text.xcconfig; name = "Pods-example_project.release.xcconfig"; path = "Target Support Files/Pods-example_project/Pods-example_project.release.xcconfig"; sourceTree = "<group>"; };
		2AB3F9790D4F1D7CA14C9B59 /* Pods-example_project.debug.xcconfig */ = {isa = PBXFileReference; includeInIndex = 1; lastKnownFileType = text.xcconfig; name = "Pods-example_project.debug.xcconfig"; path = "Target Support Files/Pods-example_project/Pods-example_project.debug.xcconfig"; sourceTree = "<group>"; };
		32B569CB1B7C285F5F8B8729 /* Pods_example_project.framework */ = {isa = PBXFileReference; explicitFileType = wrapper.framework; includeInIndex = 0; path = Pods_example_project.framework; sourceTree = BUILT_PRODUCTS_DIR; };
		572368DB22A48F05008E0870 /* tabBarController.swift */ = {isa = PBXFileReference; lastKnownFileType = sourcecode.swift; path = tabBarController.swift; sourceTree = "<group>"; };
		964A4EE222A2040A003D3E92 /* CourseViewController.swift */ = {isa = PBXFileReference; lastKnownFileType = sourcecode.swift; path = CourseViewController.swift; sourceTree = "<group>"; };
		964A4EE622A20768003D3E92 /* CourseCell.swift */ = {isa = PBXFileReference; lastKnownFileType = sourcecode.swift; path = CourseCell.swift; sourceTree = "<group>"; };
		964A4EE822A20A51003D3E92 /* AddCourseViewController.swift */ = {isa = PBXFileReference; lastKnownFileType = sourcecode.swift; path = AddCourseViewController.swift; sourceTree = "<group>"; };
		964A4EEA22A20B09003D3E92 /* addCourseCell.swift */ = {isa = PBXFileReference; lastKnownFileType = sourcecode.swift; path = addCourseCell.swift; sourceTree = "<group>"; };
		964AC487229772610059D5B5 /* example_project.app */ = {isa = PBXFileReference; explicitFileType = wrapper.application; includeInIndex = 0; path = example_project.app; sourceTree = BUILT_PRODUCTS_DIR; };
		964AC48A229772610059D5B5 /* AppDelegate.swift */ = {isa = PBXFileReference; lastKnownFileType = sourcecode.swift; path = AppDelegate.swift; sourceTree = "<group>"; };
		964AC48C229772610059D5B5 /* ViewController.swift */ = {isa = PBXFileReference; lastKnownFileType = sourcecode.swift; path = ViewController.swift; sourceTree = "<group>"; };
		964AC491229772650059D5B5 /* Assets.xcassets */ = {isa = PBXFileReference; lastKnownFileType = folder.assetcatalog; path = Assets.xcassets; sourceTree = "<group>"; };
		964AC494229772650059D5B5 /* Base */ = {isa = PBXFileReference; lastKnownFileType = file.storyboard; name = Base; path = Base.lproj/LaunchScreen.storyboard; sourceTree = "<group>"; };
		964AC496229772650059D5B5 /* Info.plist */ = {isa = PBXFileReference; lastKnownFileType = text.plist.xml; path = Info.plist; sourceTree = "<group>"; };
		E4B589E122AAFC57004EDB33 /* CommentsViewController.swift */ = {isa = PBXFileReference; lastKnownFileType = sourcecode.swift; path = CommentsViewController.swift; sourceTree = "<group>"; };
		E4B589E322AB0002004EDB33 /* CommentCell.swift */ = {isa = PBXFileReference; lastKnownFileType = sourcecode.swift; path = CommentCell.swift; sourceTree = "<group>"; };
		E4B589E522AB0A5F004EDB33 /* AddCommentViewController.swift */ = {isa = PBXFileReference; lastKnownFileType = sourcecode.swift; path = AddCommentViewController.swift; sourceTree = "<group>"; };
		E4F678EC22AA37C600E27A7A /* DetailsViewController.swift */ = {isa = PBXFileReference; lastKnownFileType = sourcecode.swift; path = DetailsViewController.swift; sourceTree = "<group>"; };
		E4F678F022AA553100E27A7A /* detailsViewTimeLocCell.swift */ = {isa = PBXFileReference; lastKnownFileType = sourcecode.swift; path = detailsViewTimeLocCell.swift; sourceTree = "<group>"; };
		E4F678F222AA554C00E27A7A /* detailsViewActivityCell.swift */ = {isa = PBXFileReference; lastKnownFileType = sourcecode.swift; path = detailsViewActivityCell.swift; sourceTree = "<group>"; };
		E4F678F422AA556900E27A7A /* detailsViewCommentsCell.swift */ = {isa = PBXFileReference; lastKnownFileType = sourcecode.swift; path = detailsViewCommentsCell.swift; sourceTree = "<group>"; };
/* End PBXFileReference section */

/* Begin PBXFrameworksBuildPhase section */
		964AC484229772610059D5B5 /* Frameworks */ = {
			isa = PBXFrameworksBuildPhase;
			buildActionMask = 2147483647;
			files = (
				D68B4020BD44893C3BF1FAFA /* Pods_example_project.framework in Frameworks */,
			);
			runOnlyForDeploymentPostprocessing = 0;
		};
/* End PBXFrameworksBuildPhase section */

/* Begin PBXGroup section */
		5F0F478F9DA723420ECC7569 /* Frameworks */ = {
			isa = PBXGroup;
			children = (
				32B569CB1B7C285F5F8B8729 /* Pods_example_project.framework */,
			);
			name = Frameworks;
			sourceTree = "<group>";
		};
		964AC47E229772610059D5B5 = {
			isa = PBXGroup;
			children = (
				964AC489229772610059D5B5 /* example_project */,
				964AC488229772610059D5B5 /* Products */,
				A553E65473AF4CC71D169FD8 /* Pods */,
				5F0F478F9DA723420ECC7569 /* Frameworks */,
			);
			sourceTree = "<group>";
		};
		964AC488229772610059D5B5 /* Products */ = {
			isa = PBXGroup;
			children = (
				964AC487229772610059D5B5 /* example_project.app */,
			);
			name = Products;
			sourceTree = "<group>";
		};
		964AC489229772610059D5B5 /* example_project */ = {
			isa = PBXGroup;
			children = (
				964A4EE622A20768003D3E92 /* CourseCell.swift */,
				964AC48A229772610059D5B5 /* AppDelegate.swift */,
				964AC48C229772610059D5B5 /* ViewController.swift */,
				04EEC21D22A10EFB00A3FA9B /* Main.storyboard */,
				964AC491229772650059D5B5 /* Assets.xcassets */,
				964AC493229772650059D5B5 /* LaunchScreen.storyboard */,
				964AC496229772650059D5B5 /* Info.plist */,
				964A4EE222A2040A003D3E92 /* CourseViewController.swift */,
				964A4EE822A20A51003D3E92 /* AddCourseViewController.swift */,
				964A4EEA22A20B09003D3E92 /* addCourseCell.swift */,
				E4F678EC22AA37C600E27A7A /* DetailsViewController.swift */,
				572368DB22A48F05008E0870 /* tabBarController.swift */,
				E4F678F022AA553100E27A7A /* detailsViewTimeLocCell.swift */,
				E4F678F222AA554C00E27A7A /* detailsViewActivityCell.swift */,
				E4F678F422AA556900E27A7A /* detailsViewCommentsCell.swift */,
				E4B589E122AAFC57004EDB33 /* CommentsViewController.swift */,
				E4B589E322AB0002004EDB33 /* CommentCell.swift */,
				E4B589E522AB0A5F004EDB33 /* AddCommentViewController.swift */,
			);
			path = example_project;
			sourceTree = "<group>";
		};
		A553E65473AF4CC71D169FD8 /* Pods */ = {
			isa = PBXGroup;
			children = (
				2AB3F9790D4F1D7CA14C9B59 /* Pods-example_project.debug.xcconfig */,
				0C8C107FEA7FDD74497F4436 /* Pods-example_project.release.xcconfig */,
			);
			path = Pods;
			sourceTree = "<group>";
		};
/* End PBXGroup section */

/* Begin PBXNativeTarget section */
		964AC486229772610059D5B5 /* example_project */ = {
			isa = PBXNativeTarget;
			buildConfigurationList = 964AC499229772650059D5B5 /* Build configuration list for PBXNativeTarget "example_project" */;
			buildPhases = (
				5DEF3ACC69E34268B704829B /* [CP] Check Pods Manifest.lock */,
				964AC483229772610059D5B5 /* Sources */,
				964AC484229772610059D5B5 /* Frameworks */,
				964AC485229772610059D5B5 /* Resources */,
				04533978982101E30FBA9EDA /* [CP] Embed Pods Frameworks */,
			);
			buildRules = (
			);
			dependencies = (
			);
			name = example_project;
			productName = example_project;
			productReference = 964AC487229772610059D5B5 /* example_project.app */;
			productType = "com.apple.product-type.application";
		};
/* End PBXNativeTarget section */

/* Begin PBXProject section */
		964AC47F229772610059D5B5 /* Project object */ = {
			isa = PBXProject;
			attributes = {
				LastSwiftUpdateCheck = 1010;
				LastUpgradeCheck = 1010;
				ORGANIZATIONNAME = theEWL;
				TargetAttributes = {
					964AC486229772610059D5B5 = {
						CreatedOnToolsVersion = 10.1;
					};
				};
			};
			buildConfigurationList = 964AC482229772610059D5B5 /* Build configuration list for PBXProject "example_project" */;
			compatibilityVersion = "Xcode 9.3";
			developmentRegion = en;
			hasScannedForEncodings = 0;
			knownRegions = (
				en,
				Base,
			);
			mainGroup = 964AC47E229772610059D5B5;
			productRefGroup = 964AC488229772610059D5B5 /* Products */;
			projectDirPath = "";
			projectRoot = "";
			targets = (
				964AC486229772610059D5B5 /* example_project */,
			);
		};
/* End PBXProject section */

/* Begin PBXResourcesBuildPhase section */
		964AC485229772610059D5B5 /* Resources */ = {
			isa = PBXResourcesBuildPhase;
			buildActionMask = 2147483647;
			files = (
				04EEC21F22A10EFB00A3FA9B /* Main.storyboard in Resources */,
				964AC495229772650059D5B5 /* LaunchScreen.storyboard in Resources */,
				964AC492229772650059D5B5 /* Assets.xcassets in Resources */,
			);
			runOnlyForDeploymentPostprocessing = 0;
		};
/* End PBXResourcesBuildPhase section */

/* Begin PBXShellScriptBuildPhase section */
		04533978982101E30FBA9EDA /* [CP] Embed Pods Frameworks */ = {
			isa = PBXShellScriptBuildPhase;
			buildActionMask = 2147483647;
			files = (
			);
			inputFileListPaths = (
			);
			inputPaths = (
				"${PODS_ROOT}/Target Support Files/Pods-example_project/Pods-example_project-frameworks.sh",
				"${BUILT_PRODUCTS_DIR}/Alamofire/Alamofire.framework",
				"${BUILT_PRODUCTS_DIR}/AlamofireImage/AlamofireImage.framework",
				"${BUILT_PRODUCTS_DIR}/Bolts/Bolts.framework",
				"${BUILT_PRODUCTS_DIR}/Parse/Parse.framework",
			);
			name = "[CP] Embed Pods Frameworks";
			outputFileListPaths = (
			);
			outputPaths = (
				"${TARGET_BUILD_DIR}/${FRAMEWORKS_FOLDER_PATH}/Alamofire.framework",
				"${TARGET_BUILD_DIR}/${FRAMEWORKS_FOLDER_PATH}/AlamofireImage.framework",
				"${TARGET_BUILD_DIR}/${FRAMEWORKS_FOLDER_PATH}/Bolts.framework",
				"${TARGET_BUILD_DIR}/${FRAMEWORKS_FOLDER_PATH}/Parse.framework",
			);
			runOnlyForDeploymentPostprocessing = 0;
			shellPath = /bin/sh;
			shellScript = "\"${PODS_ROOT}/Target Support Files/Pods-example_project/Pods-example_project-frameworks.sh\"\n";
			showEnvVarsInLog = 0;
		};
		5DEF3ACC69E34268B704829B /* [CP] Check Pods Manifest.lock */ = {
			isa = PBXShellScriptBuildPhase;
			buildActionMask = 2147483647;
			files = (
			);
			inputFileListPaths = (
			);
			inputPaths = (
				"${PODS_PODFILE_DIR_PATH}/Podfile.lock",
				"${PODS_ROOT}/Manifest.lock",
			);
			name = "[CP] Check Pods Manifest.lock";
			outputFileListPaths = (
			);
			outputPaths = (
				"$(DERIVED_FILE_DIR)/Pods-example_project-checkManifestLockResult.txt",
			);
			runOnlyForDeploymentPostprocessing = 0;
			shellPath = /bin/sh;
			shellScript = "diff \"${PODS_PODFILE_DIR_PATH}/Podfile.lock\" \"${PODS_ROOT}/Manifest.lock\" > /dev/null\nif [ $? != 0 ] ; then\n    # print error to STDERR\n    echo \"error: The sandbox is not in sync with the Podfile.lock. Run 'pod install' or update your CocoaPods installation.\" >&2\n    exit 1\nfi\n# This output is used by Xcode 'outputs' to avoid re-running this script phase.\necho \"SUCCESS\" > \"${SCRIPT_OUTPUT_FILE_0}\"\n";
			showEnvVarsInLog = 0;
		};
/* End PBXShellScriptBuildPhase section */

/* Begin PBXSourcesBuildPhase section */
		964AC483229772610059D5B5 /* Sources */ = {
			isa = PBXSourcesBuildPhase;
			buildActionMask = 2147483647;
			files = (
				E4B589E422AB0002004EDB33 /* CommentCell.swift in Sources */,
				964A4EEB22A20B09003D3E92 /* addCourseCell.swift in Sources */,
				964A4EE722A20768003D3E92 /* CourseCell.swift in Sources */,
				964AC48D229772610059D5B5 /* ViewController.swift in Sources */,
				E4F678ED22AA37C600E27A7A /* DetailsViewController.swift in Sources */,
				E4F678F322AA554C00E27A7A /* detailsViewActivityCell.swift in Sources */,
				572368DC22A48F05008E0870 /* tabBarController.swift in Sources */,
				964A4EE922A20A51003D3E92 /* AddCourseViewController.swift in Sources */,
				E4F678F122AA553100E27A7A /* detailsViewTimeLocCell.swift in Sources */,
				E4B589E222AAFC57004EDB33 /* CommentsViewController.swift in Sources */,
				964AC48B229772610059D5B5 /* AppDelegate.swift in Sources */,
				E4F678F522AA556900E27A7A /* detailsViewCommentsCell.swift in Sources */,
				E4B589E622AB0A5F004EDB33 /* AddCommentViewController.swift in Sources */,
				964A4EE322A2040A003D3E92 /* CourseViewController.swift in Sources */,
			);
			runOnlyForDeploymentPostprocessing = 0;
		};
/* End PBXSourcesBuildPhase section */

/* Begin PBXVariantGroup section */
		04EEC21D22A10EFB00A3FA9B /* Main.storyboard */ = {
			isa = PBXVariantGroup;
			children = (
				04EEC21E22A10EFB00A3FA9B /* Base */,
			);
			name = Main.storyboard;
			sourceTree = "<group>";
		};
		964AC493229772650059D5B5 /* LaunchScreen.storyboard */ = {
			isa = PBXVariantGroup;
			children = (
				964AC494229772650059D5B5 /* Base */,
			);
			name = LaunchScreen.storyboard;
			sourceTree = "<group>";
		};
/* End PBXVariantGroup section */

/* Begin XCBuildConfiguration section */
		964AC497229772650059D5B5 /* Debug */ = {
			isa = XCBuildConfiguration;
			buildSettings = {
				ALWAYS_SEARCH_USER_PATHS = NO;
				CLANG_ANALYZER_NONNULL = YES;
				CLANG_ANALYZER_NUMBER_OBJECT_CONVERSION = YES_AGGRESSIVE;
				CLANG_CXX_LANGUAGE_STANDARD = "gnu++14";
				CLANG_CXX_LIBRARY = "libc++";
				CLANG_ENABLE_MODULES = YES;
				CLANG_ENABLE_OBJC_ARC = YES;
				CLANG_ENABLE_OBJC_WEAK = YES;
				CLANG_WARN_BLOCK_CAPTURE_AUTORELEASING = YES;
				CLANG_WARN_BOOL_CONVERSION = YES;
				CLANG_WARN_COMMA = YES;
				CLANG_WARN_CONSTANT_CONVERSION = YES;
				CLANG_WARN_DEPRECATED_OBJC_IMPLEMENTATIONS = YES;
				CLANG_WARN_DIRECT_OBJC_ISA_USAGE = YES_ERROR;
				CLANG_WARN_DOCUMENTATION_COMMENTS = YES;
				CLANG_WARN_EMPTY_BODY = YES;
				CLANG_WARN_ENUM_CONVERSION = YES;
				CLANG_WARN_INFINITE_RECURSION = YES;
				CLANG_WARN_INT_CONVERSION = YES;
				CLANG_WARN_NON_LITERAL_NULL_CONVERSION = YES;
				CLANG_WARN_OBJC_IMPLICIT_RETAIN_SELF = YES;
				CLANG_WARN_OBJC_LITERAL_CONVERSION = YES;
				CLANG_WARN_OBJC_ROOT_CLASS = YES_ERROR;
				CLANG_WARN_RANGE_LOOP_ANALYSIS = YES;
				CLANG_WARN_STRICT_PROTOTYPES = YES;
				CLANG_WARN_SUSPICIOUS_MOVE = YES;
				CLANG_WARN_UNGUARDED_AVAILABILITY = YES_AGGRESSIVE;
				CLANG_WARN_UNREACHABLE_CODE = YES;
				CLANG_WARN__DUPLICATE_METHOD_MATCH = YES;
				CODE_SIGN_IDENTITY = "iPhone Developer";
				COPY_PHASE_STRIP = NO;
				DEBUG_INFORMATION_FORMAT = dwarf;
				ENABLE_STRICT_OBJC_MSGSEND = YES;
				ENABLE_TESTABILITY = YES;
				GCC_C_LANGUAGE_STANDARD = gnu11;
				GCC_DYNAMIC_NO_PIC = NO;
				GCC_NO_COMMON_BLOCKS = YES;
				GCC_OPTIMIZATION_LEVEL = 0;
				GCC_PREPROCESSOR_DEFINITIONS = (
					"DEBUG=1",
					"$(inherited)",
				);
				GCC_WARN_64_TO_32_BIT_CONVERSION = YES;
				GCC_WARN_ABOUT_RETURN_TYPE = YES_ERROR;
				GCC_WARN_UNDECLARED_SELECTOR = YES;
				GCC_WARN_UNINITIALIZED_AUTOS = YES_AGGRESSIVE;
				GCC_WARN_UNUSED_FUNCTION = YES;
				GCC_WARN_UNUSED_VARIABLE = YES;
				IPHONEOS_DEPLOYMENT_TARGET = 12.1;
				MTL_ENABLE_DEBUG_INFO = INCLUDE_SOURCE;
				MTL_FAST_MATH = YES;
				ONLY_ACTIVE_ARCH = YES;
				SDKROOT = iphoneos;
				SWIFT_ACTIVE_COMPILATION_CONDITIONS = DEBUG;
				SWIFT_OPTIMIZATION_LEVEL = "-Onone";
			};
			name = Debug;
		};
		964AC498229772650059D5B5 /* Release */ = {
			isa = XCBuildConfiguration;
			buildSettings = {
				ALWAYS_SEARCH_USER_PATHS = NO;
				CLANG_ANALYZER_NONNULL = YES;
				CLANG_ANALYZER_NUMBER_OBJECT_CONVERSION = YES_AGGRESSIVE;
				CLANG_CXX_LANGUAGE_STANDARD = "gnu++14";
				CLANG_CXX_LIBRARY = "libc++";
				CLANG_ENABLE_MODULES = YES;
				CLANG_ENABLE_OBJC_ARC = YES;
				CLANG_ENABLE_OBJC_WEAK = YES;
				CLANG_WARN_BLOCK_CAPTURE_AUTORELEASING = YES;
				CLANG_WARN_BOOL_CONVERSION = YES;
				CLANG_WARN_COMMA = YES;
				CLANG_WARN_CONSTANT_CONVERSION = YES;
				CLANG_WARN_DEPRECATED_OBJC_IMPLEMENTATIONS = YES;
				CLANG_WARN_DIRECT_OBJC_ISA_USAGE = YES_ERROR;
				CLANG_WARN_DOCUMENTATION_COMMENTS = YES;
				CLANG_WARN_EMPTY_BODY = YES;
				CLANG_WARN_ENUM_CONVERSION = YES;
				CLANG_WARN_INFINITE_RECURSION = YES;
				CLANG_WARN_INT_CONVERSION = YES;
				CLANG_WARN_NON_LITERAL_NULL_CONVERSION = YES;
				CLANG_WARN_OBJC_IMPLICIT_RETAIN_SELF = YES;
				CLANG_WARN_OBJC_LITERAL_CONVERSION = YES;
				CLANG_WARN_OBJC_ROOT_CLASS = YES_ERROR;
				CLANG_WARN_RANGE_LOOP_ANALYSIS = YES;
				CLANG_WARN_STRICT_PROTOTYPES = YES;
				CLANG_WARN_SUSPICIOUS_MOVE = YES;
				CLANG_WARN_UNGUARDED_AVAILABILITY = YES_AGGRESSIVE;
				CLANG_WARN_UNREACHABLE_CODE = YES;
				CLANG_WARN__DUPLICATE_METHOD_MATCH = YES;
				CODE_SIGN_IDENTITY = "iPhone Developer";
				COPY_PHASE_STRIP = NO;
				DEBUG_INFORMATION_FORMAT = "dwarf-with-dsym";
				ENABLE_NS_ASSERTIONS = NO;
				ENABLE_STRICT_OBJC_MSGSEND = YES;
				GCC_C_LANGUAGE_STANDARD = gnu11;
				GCC_NO_COMMON_BLOCKS = YES;
				GCC_WARN_64_TO_32_BIT_CONVERSION = YES;
				GCC_WARN_ABOUT_RETURN_TYPE = YES_ERROR;
				GCC_WARN_UNDECLARED_SELECTOR = YES;
				GCC_WARN_UNINITIALIZED_AUTOS = YES_AGGRESSIVE;
				GCC_WARN_UNUSED_FUNCTION = YES;
				GCC_WARN_UNUSED_VARIABLE = YES;
				IPHONEOS_DEPLOYMENT_TARGET = 12.1;
				MTL_ENABLE_DEBUG_INFO = NO;
				MTL_FAST_MATH = YES;
				SDKROOT = iphoneos;
				SWIFT_COMPILATION_MODE = wholemodule;
				SWIFT_OPTIMIZATION_LEVEL = "-O";
				VALIDATE_PRODUCT = YES;
			};
			name = Release;
		};
		964AC49A229772650059D5B5 /* Debug */ = {
			isa = XCBuildConfiguration;
			baseConfigurationReference = 2AB3F9790D4F1D7CA14C9B59 /* Pods-example_project.debug.xcconfig */;
			buildSettings = {
				ASSETCATALOG_COMPILER_APPICON_NAME = AppIcon;
				CODE_SIGN_STYLE = Automatic;
				INFOPLIST_FILE = example_project/Info.plist;
				LD_RUNPATH_SEARCH_PATHS = (
					"$(inherited)",
					"@executable_path/Frameworks",
				);
				PRODUCT_BUNDLE_IDENTIFIER = "Nothing.example-project";
				PRODUCT_NAME = "$(TARGET_NAME)";
				SWIFT_VERSION = 4.2;
				TARGETED_DEVICE_FAMILY = "1,2";
			};
			name = Debug;
		};
		964AC49B229772650059D5B5 /* Release */ = {
			isa = XCBuildConfiguration;
			baseConfigurationReference = 0C8C107FEA7FDD74497F4436 /* Pods-example_project.release.xcconfig */;
			buildSettings = {
				ASSETCATALOG_COMPILER_APPICON_NAME = AppIcon;
				CODE_SIGN_STYLE = Automatic;
				INFOPLIST_FILE = example_project/Info.plist;
				LD_RUNPATH_SEARCH_PATHS = (
					"$(inherited)",
					"@executable_path/Frameworks",
				);
				PRODUCT_BUNDLE_IDENTIFIER = "Nothing.example-project";
				PRODUCT_NAME = "$(TARGET_NAME)";
				SWIFT_VERSION = 4.2;
				TARGETED_DEVICE_FAMILY = "1,2";
			};
			name = Release;
		};
/* End XCBuildConfiguration section */

/* Begin XCConfigurationList section */
		964AC482229772610059D5B5 /* Build configuration list for PBXProject "example_project" */ = {
			isa = XCConfigurationList;
			buildConfigurations = (
				964AC497229772650059D5B5 /* Debug */,
				964AC498229772650059D5B5 /* Release */,
			);
			defaultConfigurationIsVisible = 0;
			defaultConfigurationName = Release;
		};
		964AC499229772650059D5B5 /* Build configuration list for PBXNativeTarget "example_project" */ = {
			isa = XCConfigurationList;
			buildConfigurations = (
				964AC49A229772650059D5B5 /* Debug */,
				964AC49B229772650059D5B5 /* Release */,
			);
			defaultConfigurationIsVisible = 0;
			defaultConfigurationName = Release;
		};
/* End XCConfigurationList section */
	};
	rootObject = 964AC47F229772610059D5B5 /* Project object */;
}
